<?xml version="1.0" encoding="utf-8"?>
<Project ToolsVersion="4.0" xmlns="http://schemas.microsoft.com/developer/msbuild/2003">
  <ItemGroup>
    <Filter Include="Source Files">
      <UniqueIdentifier>{4FC737F1-C7A5-4376-A066-2A32D752A2FF}</UniqueIdentifier>
      <Extensions>cpp;c;cc;cxx;def;odl;idl;hpj;bat;asm;asmx</Extensions>
    </Filter>
    <Filter Include="Header Files">
      <UniqueIdentifier>{93995380-89BD-4b04-88EB-625FBE52EBFB}</UniqueIdentifier>
      <Extensions>h;hh;hpp;hxx;hm;inl;inc;ipp;xsd</Extensions>
    </Filter>
    <Filter Include="Resource Files">
      <UniqueIdentifier>{67DA6AB6-F800-4c08-8B7A-83BB121AAD01}</UniqueIdentifier>
      <Extensions>rc;ico;cur;bmp;dlg;rc2;rct;bin;rgs;gif;jpg;jpeg;jpe;resx;tiff;tif;png;wav;mfcribbon-ms</Extensions>
    </Filter>
  </ItemGroup>
  <ItemGroup>
    <ClCompile Include="A4_pg4_Counting.cpp">
      <Filter>Source Files</Filter>
    </ClCompile>
    <ClCompile Include="A4_pg5_Replace.cpp">
      <Filter>Source Files</Filter>
    </ClCompile>
    <ClCompile Include="A4_pg4_Replac.cpp">
      <Filter>Source Files</Filter>
    </ClCompile>
    <ClCompile Include="A4_pg5_CaseConvertion.cpp">
      <Filter>Source Files</Filter>
    </ClCompile>
    <ClCompile Include="A4_pg6_Reverse.cpp">
      <Filter>Source Files</Filter>
    </ClCompile>
    <ClCompile Include="A4_pg7_Sort.cpp">
      <Filter>Source Files</Filter>
    </ClCompile>
    <ClCompile Include="A4_pg8_DmaEx.cpp">
      <Filter>Source Files</Filter>
    </ClCompile>
    <ClCompile Include="A4_pg9.cpp">
      <Filter>Source Files</Filter>
    </ClCompile>
    <ClCompile Include="A4_pg10_Delete.cpp">
      <Filter>Source Files</Filter>
    </ClCompile>
    <ClCompile Include="A4_pg13_Expand.cpp">
      <Filter>Source Files</Filter>
    </ClCompile>
    <ClCompile Include="A4_pg12_Del.cpp">
      <Filter>Source Files</Filter>
    </ClCompile>
    <ClCompile Include="A4_pg14_Rotations.cpp">
      <Filter>Source Files</Filter>
    </ClCompile>
    <ClCompile Include="A4_pg15_StrFunctions.cpp">
      <Filter>Source Files</Filter>
    </ClCompile>
    <ClCompile Include="A4_pg11_strtok.cpp">
      <Filter>Source Files</Filter>
    </ClCompile>
  </ItemGroup>
</Project>